
Microsoft Visual Studio Solution File, Format Version 10.00
# Visual Studio 2008
Project("{8BC9CEB8-8B4A-11D0-8D11-00A0C91BC942}") = "backup", "backup.vcproj", "{CBE3119D-5AC2-4950-A238-E3F71C3489B5}"
EndProject
Global
	GlobalSection(SolutionConfigurationPlatforms) = preSolution
		Debug|Win32 = Debug|Win32
		Release|Win32 = Release|Win32
	EndGlobalSection
	GlobalSection(ProjectConfigurationPlatforms) = postSolution
		{CBE3119D-5AC2-4950-A238-E3F71C3489B5}.Debug|Win32.ActiveCfg = Debug|Win32
		{CBE3119D-5AC2-4950-A238-E3F71C3489B5}.Debug|Win32.Build.0 = Debug|Win32
		{CBE3119D-5AC2-4950-A238-E3F71C3489B5}.Release|Win32.ActiveCfg = Release|Win32
		{CBE3119D-5AC2-4950-A238-E3F71C3489B5}.Release|Win32.Build.0 = Release|Win32
	EndGlobalSection
	GlobalSection(SolutionProperties) = preSolution
		HideSolutionNode = FALSE
	EndGlobalSection
EndGlobal
